
Microsoft Visual Studio Solution File, Format Version 12.00
# Visual Studio Version 17
VisualStudioVersion = 17.3.32929.385
MinimumVisualStudioVersion = 10.0.40219.1
Project("{FAE04EC0-301F-11D3-BF4B-00C04F79EFBC}") = "FATALITY_MACROS", "FATALITY_MACROS\FATALITY_MACROS.csproj", "{BEC54C6B-52BA-4D30-8996-5568908F46E1}"
EndProject
Global
	GlobalSection(SolutionConfigurationPlatforms) = preSolution
		Debug|Any CPU = Debug|Any CPU
		Release|Any CPU = Release|Any CPU
	EndGlobalSection
	GlobalSection(ProjectConfigurationPlatforms) = postSolution
		{BEC54C6B-52BA-4D30-8996-5568908F46E1}.Debug|Any CPU.ActiveCfg = Debug|Any CPU
		{BEC54C6B-52BA-4D30-8996-5568908F46E1}.Debug|Any CPU.Build.0 = Debug|Any CPU
		{BEC54C6B-52BA-4D30-8996-5568908F46E1}.Release|Any CPU.ActiveCfg = Release|Any CPU
		{BEC54C6B-52BA-4D30-8996-5568908F46E1}.Release|Any CPU.Build.0 = Release|Any CPU
	EndGlobalSection
	GlobalSection(SolutionProperties) = preSolution
		HideSolutionNode = FALSE
	EndGlobalSection
	GlobalSection(ExtensibilityGlobals) = postSolution
		SolutionGuid = {9E2F64DA-8C88-42F6-BC64-6DB41FDA1008}
	EndGlobalSection
EndGlobal
